{
  "dependencies": {
    "fast-xml-parser": "latest",
    "windmill-client": "latest"
  }
}
//bun.lock
{
  "lockfileVersion": 1,
  "workspaces": {
    "": {
      "dependencies": {
        "fast-xml-parser": "latest",
        "windmill-client": "latest",
      },
    },
  },
  "packages": {
    "fast-xml-parser": ["fast-xml-parser@5.3.3", "", { "dependencies": { "strnum": "^2.1.0" }, "bin": { "fxparser": "src/cli/cli.js" } }, "sha512-2O3dkPAAC6JavuMm8+4+pgTk+5hoAs+CjZ+sWcQLkX9+/tHRuTkQh/Oaifr8qDmZ8iEHb771Ea6G8CdwkrgvYA=="],

    "strnum": ["strnum@2.1.2", "", {}, "sha512-l63NF9y/cLROq/yqKXSLtcMeeyOfnSQlfMSlzFt/K73oIaD8DGaQWd7Z34X9GPiKqP5rbSh84Hl4bOlLcjiSrQ=="],

    "windmill-client": ["windmill-client@1.608.0", "", {}, "sha512-NUjI7rmcrO4m7hr/dUT+06i87RflT51Oq/A2R7iIegMKqGwcPs1b6wxTxlRMWRWUvLrh0F1mdIN7NK0axc8sDg=="],
  }
}
